{
  "name": "vant-weapp-demo",
  "version": "1.0.0",
  "lockfileVersion": 1,
  "requires": true,
  "dependencies": {
    "@vant/weapp": {
      "version": "1.0.0",
      "resolved": "http://registry.npm.qima-inc.com/@vant/weapp/download/@vant/weapp-1.0.0.tgz",
      "integrity": "sha1-ewRufWz/0so3gVeYgQ8fueCTdZY="
    }
  }
}
